
Microsoft Visual Studio Solution File, Format Version 12.00
# Visual Studio Version 17
VisualStudioVersion = 17.8.34525.116
MinimumVisualStudioVersion = 10.0.40219.1
Project("{8BC9CEB8-8B4A-11D0-8D11-00A0C91BC942}") = "Task37", "Task37\Task37.vcxproj", "{CE55309C-5FA8-4118-A545-EBC4D444AA68}"
EndProject
Global
	GlobalSection(SolutionConfigurationPlatforms) = preSolution
		Debug|x64 = Debug|x64
		Debug|x86 = Debug|x86
		Release|x64 = Release|x64
		Release|x86 = Release|x86
	EndGlobalSection
	GlobalSection(ProjectConfigurationPlatforms) = postSolution
		{CE55309C-5FA8-4118-A545-EBC4D444AA68}.Debug|x64.ActiveCfg = Debug|x64
		{CE55309C-5FA8-4118-A545-EBC4D444AA68}.Debug|x64.Build.0 = Debug|x64
		{CE55309C-5FA8-4118-A545-EBC4D444AA68}.Debug|x86.ActiveCfg = Debug|Win32
		{CE55309C-5FA8-4118-A545-EBC4D444AA68}.Debug|x86.Build.0 = Debug|Win32
		{CE55309C-5FA8-4118-A545-EBC4D444AA68}.Release|x64.ActiveCfg = Release|x64
		{CE55309C-5FA8-4118-A545-EBC4D444AA68}.Release|x64.Build.0 = Release|x64
		{CE55309C-5FA8-4118-A545-EBC4D444AA68}.Release|x86.ActiveCfg = Release|Win32
		{CE55309C-5FA8-4118-A545-EBC4D444AA68}.Release|x86.Build.0 = Release|Win32
	EndGlobalSection
	GlobalSection(SolutionProperties) = preSolution
		HideSolutionNode = FALSE
	EndGlobalSection
	GlobalSection(ExtensibilityGlobals) = postSolution
		SolutionGuid = {D454AA3B-3E79-437D-B457-2824034FBC0F}
	EndGlobalSection
EndGlobal
