
Microsoft Visual Studio Solution File, Format Version 12.00
# Visual Studio Version 17
VisualStudioVersion = 17.8.34525.116
MinimumVisualStudioVersion = 10.0.40219.1
Project("{8BC9CEB8-8B4A-11D0-8D11-00A0C91BC942}") = "Task36", "Task36\Task36.vcxproj", "{BAF953E4-79B9-4E68-8DC1-4CC83D2A929F}"
EndProject
Global
	GlobalSection(SolutionConfigurationPlatforms) = preSolution
		Debug|x64 = Debug|x64
		Debug|x86 = Debug|x86
		Release|x64 = Release|x64
		Release|x86 = Release|x86
	EndGlobalSection
	GlobalSection(ProjectConfigurationPlatforms) = postSolution
		{BAF953E4-79B9-4E68-8DC1-4CC83D2A929F}.Debug|x64.ActiveCfg = Debug|x64
		{BAF953E4-79B9-4E68-8DC1-4CC83D2A929F}.Debug|x64.Build.0 = Debug|x64
		{BAF953E4-79B9-4E68-8DC1-4CC83D2A929F}.Debug|x86.ActiveCfg = Debug|Win32
		{BAF953E4-79B9-4E68-8DC1-4CC83D2A929F}.Debug|x86.Build.0 = Debug|Win32
		{BAF953E4-79B9-4E68-8DC1-4CC83D2A929F}.Release|x64.ActiveCfg = Release|x64
		{BAF953E4-79B9-4E68-8DC1-4CC83D2A929F}.Release|x64.Build.0 = Release|x64
		{BAF953E4-79B9-4E68-8DC1-4CC83D2A929F}.Release|x86.ActiveCfg = Release|Win32
		{BAF953E4-79B9-4E68-8DC1-4CC83D2A929F}.Release|x86.Build.0 = Release|Win32
	EndGlobalSection
	GlobalSection(SolutionProperties) = preSolution
		HideSolutionNode = FALSE
	EndGlobalSection
	GlobalSection(ExtensibilityGlobals) = postSolution
		SolutionGuid = {737506E9-B197-4F7B-825D-08860AAE80CF}
	EndGlobalSection
EndGlobal
